Microsoft Visual Studio Solution File, Format Version 12.00
# Visual Studio Version 17
VisualStudioVersion = 17.13.35931.197
MinimumVisualStudioVersion = 10.0.40219.1
Project("{FAE04EC0-301F-11D3-BF4B-00C04F79EFBC}") = "grade_app", "grade_app\grade_app.csproj", "{A48D51D3-BFA5-486F-B476-128A824AEE08}"
EndProject
Project("{FAE04EC0-301F-11D3-BF4B-00C04F79EFBC}") = "grade_app.Android", "grade_app.Android\grade_app.Android.csproj", "{176B3A64-4697-4EB6-8E1B-9A6D6EE51083}"
EndProject
Project("{FAE04EC0-301F-11D3-BF4B-00C04F79EFBC}") = "grade_app.iOS", "grade_app.iOS\grade_app.iOS.csproj", "{79231180-0104-4B7B-B2E0-C5B69D025BC2}"
EndProject
Project("{FAE04EC0-301F-11D3-BF4B-00C04F79EFBC}") = "GradeAPI", "GradeAPI\GradeAPI.csproj", "{DC68A2E0-559F-E679-FB23-DF650D1DC6CB}"
EndProject
Project("{2150E333-8FDC-42A3-9474-1A3956D46DE8}") = "Solution Items", "Solution Items", "{36D591C7-65C7-A0D1-1CBC-10CDE441BDC8}"
	ProjectSection(SolutionItems) = preProject
		.editorconfig = .editorconfig
	EndProjectSection
EndProject
Global
	GlobalSection(SolutionConfigurationPlatforms) = preSolution
		Debug dev.rating|Any CPU = Debug dev.rating|Any CPU
		Debug prod|Any CPU = Debug prod|Any CPU
		Debug|Any CPU = Debug|Any CPU
		Release dev.rating|Any CPU = Release dev.rating|Any CPU
		Release|Any CPU = Release|Any CPU
	EndGlobalSection
	GlobalSection(ProjectConfigurationPlatforms) = postSolution
		{A48D51D3-BFA5-486F-B476-128A824AEE08}.Debug dev.rating|Any CPU.ActiveCfg = Debug dev.rating|Any CPU
		{A48D51D3-BFA5-486F-B476-128A824AEE08}.Debug dev.rating|Any CPU.Build.0 = Debug dev.rating|Any CPU
		{A48D51D3-BFA5-486F-B476-128A824AEE08}.Debug prod|Any CPU.ActiveCfg = Debug prod|Any CPU
		{A48D51D3-BFA5-486F-B476-128A824AEE08}.Debug prod|Any CPU.Build.0 = Debug prod|Any CPU
		{A48D51D3-BFA5-486F-B476-128A824AEE08}.Debug|Any CPU.ActiveCfg = Debug|Any CPU
		{A48D51D3-BFA5-486F-B476-128A824AEE08}.Debug|Any CPU.Build.0 = Debug|Any CPU
		{A48D51D3-BFA5-486F-B476-128A824AEE08}.Release dev.rating|Any CPU.ActiveCfg = Release dev.rating|Any CPU
		{A48D51D3-BFA5-486F-B476-128A824AEE08}.Release dev.rating|Any CPU.Build.0 = Release dev.rating|Any CPU
		{A48D51D3-BFA5-486F-B476-128A824AEE08}.Release|Any CPU.ActiveCfg = Release|Any CPU
		{A48D51D3-BFA5-486F-B476-128A824AEE08}.Release|Any CPU.Build.0 = Release|Any CPU
		{176B3A64-4697-4EB6-8E1B-9A6D6EE51083}.Debug dev.rating|Any CPU.ActiveCfg = Debug dev.rating|Any CPU
		{176B3A64-4697-4EB6-8E1B-9A6D6EE51083}.Debug dev.rating|Any CPU.Build.0 = Debug dev.rating|Any CPU
		{176B3A64-4697-4EB6-8E1B-9A6D6EE51083}.Debug dev.rating|Any CPU.Deploy.0 = Debug dev.rating|Any CPU
		{176B3A64-4697-4EB6-8E1B-9A6D6EE51083}.Debug prod|Any CPU.ActiveCfg = Debug prod|Any CPU
		{176B3A64-4697-4EB6-8E1B-9A6D6EE51083}.Debug prod|Any CPU.Build.0 = Debug prod|Any CPU
		{176B3A64-4697-4EB6-8E1B-9A6D6EE51083}.Debug prod|Any CPU.Deploy.0 = Debug prod|Any CPU
		{176B3A64-4697-4EB6-8E1B-9A6D6EE51083}.Debug|Any CPU.ActiveCfg = Debug|Any CPU
		{176B3A64-4697-4EB6-8E1B-9A6D6EE51083}.Debug|Any CPU.Build.0 = Debug|Any CPU
		{176B3A64-4697-4EB6-8E1B-9A6D6EE51083}.Debug|Any CPU.Deploy.0 = Debug|Any CPU
		{176B3A64-4697-4EB6-8E1B-9A6D6EE51083}.Release dev.rating|Any CPU.ActiveCfg = Release dev.rating|Any CPU
		{176B3A64-4697-4EB6-8E1B-9A6D6EE51083}.Release dev.rating|Any CPU.Build.0 = Release dev.rating|Any CPU
		{176B3A64-4697-4EB6-8E1B-9A6D6EE51083}.Release dev.rating|Any CPU.Deploy.0 = Release dev.rating|Any CPU
		{176B3A64-4697-4EB6-8E1B-9A6D6EE51083}.Release|Any CPU.ActiveCfg = Release|Any CPU
		{176B3A64-4697-4EB6-8E1B-9A6D6EE51083}.Release|Any CPU.Build.0 = Release|Any CPU
		{176B3A64-4697-4EB6-8E1B-9A6D6EE51083}.Release|Any CPU.Deploy.0 = Release|Any CPU
		{79231180-0104-4B7B-B2E0-C5B69D025BC2}.Debug dev.rating|Any CPU.ActiveCfg = Debug dev.rating|Any CPU
		{79231180-0104-4B7B-B2E0-C5B69D025BC2}.Debug dev.rating|Any CPU.Build.0 = Debug dev.rating|Any CPU
		{79231180-0104-4B7B-B2E0-C5B69D025BC2}.Debug dev.rating|Any CPU.Deploy.0 = Debug dev.rating|Any CPU
		{79231180-0104-4B7B-B2E0-C5B69D025BC2}.Debug prod|Any CPU.ActiveCfg = Debug prod|Any CPU
		{79231180-0104-4B7B-B2E0-C5B69D025BC2}.Debug prod|Any CPU.Build.0 = Debug prod|Any CPU
		{79231180-0104-4B7B-B2E0-C5B69D025BC2}.Debug prod|Any CPU.Deploy.0 = Debug prod|Any CPU
		{79231180-0104-4B7B-B2E0-C5B69D025BC2}.Debug|Any CPU.ActiveCfg = Debug|Any CPU
		{79231180-0104-4B7B-B2E0-C5B69D025BC2}.Debug|Any CPU.Build.0 = Debug|Any CPU
		{79231180-0104-4B7B-B2E0-C5B69D025BC2}.Debug|Any CPU.Deploy.0 = Debug|Any CPU
		{79231180-0104-4B7B-B2E0-C5B69D025BC2}.Release dev.rating|Any CPU.ActiveCfg = Release dev.rating|Any CPU
		{79231180-0104-4B7B-B2E0-C5B69D025BC2}.Release dev.rating|Any CPU.Build.0 = Release dev.rating|Any CPU
		{79231180-0104-4B7B-B2E0-C5B69D025BC2}.Release dev.rating|Any CPU.Deploy.0 = Release dev.rating|Any CPU
		{79231180-0104-4B7B-B2E0-C5B69D025BC2}.Release|Any CPU.ActiveCfg = Release|Any CPU
		{79231180-0104-4B7B-B2E0-C5B69D025BC2}.Release|Any CPU.Build.0 = Release|Any CPU
		{79231180-0104-4B7B-B2E0-C5B69D025BC2}.Release|Any CPU.Deploy.0 = Release|Any CPU
		{DC68A2E0-559F-E679-FB23-DF650D1DC6CB}.Debug dev.rating|Any CPU.ActiveCfg = Debug dev.rating|Any CPU
		{DC68A2E0-559F-E679-FB23-DF650D1DC6CB}.Debug dev.rating|Any CPU.Build.0 = Debug dev.rating|Any CPU
		{DC68A2E0-559F-E679-FB23-DF650D1DC6CB}.Debug prod|Any CPU.ActiveCfg = Debug prod|Any CPU
		{DC68A2E0-559F-E679-FB23-DF650D1DC6CB}.Debug prod|Any CPU.Build.0 = Debug prod|Any CPU
		{DC68A2E0-559F-E679-FB23-DF650D1DC6CB}.Debug|Any CPU.ActiveCfg = Debug|Any CPU
		{DC68A2E0-559F-E679-FB23-DF650D1DC6CB}.Debug|Any CPU.Build.0 = Debug|Any CPU
		{DC68A2E0-559F-E679-FB23-DF650D1DC6CB}.Release dev.rating|Any CPU.ActiveCfg = Release dev.rating|Any CPU
		{DC68A2E0-559F-E679-FB23-DF650D1DC6CB}.Release dev.rating|Any CPU.Build.0 = Release dev.rating|Any CPU
		{DC68A2E0-559F-E679-FB23-DF650D1DC6CB}.Release|Any CPU.ActiveCfg = Release|Any CPU
		{DC68A2E0-559F-E679-FB23-DF650D1DC6CB}.Release|Any CPU.Build.0 = Release|Any CPU
	EndGlobalSection
	GlobalSection(SolutionProperties) = preSolution
		HideSolutionNode = FALSE
	EndGlobalSection
	GlobalSection(ExtensibilityGlobals) = postSolution
		SolutionGuid = {CA8393DE-489D-4FAA-B80F-12D97EF3657E}
	EndGlobalSection
EndGlobal
